
Microsoft Visual Studio Solution File, Format Version 12.00
# Visual Studio Version 17
VisualStudioVersion = 17.11.35303.130
MinimumVisualStudioVersion = 10.0.40219.1
Project("{FAE04EC0-301F-11D3-BF4B-00C04F79EFBC}") = "SistemaDeReservas", "SistemaDeReservas\SistemaDeReservas.csproj", "{C6A9E4B2-4A88-402D-B0D3-4A992788D239}"
EndProject
Global
	GlobalSection(SolutionConfigurationPlatforms) = preSolution
		Debug|Any CPU = Debug|Any CPU
		Release|Any CPU = Release|Any CPU
	EndGlobalSection
	GlobalSection(ProjectConfigurationPlatforms) = postSolution
		{C6A9E4B2-4A88-402D-B0D3-4A992788D239}.Debug|Any CPU.ActiveCfg = Debug|Any CPU
		{C6A9E4B2-4A88-402D-B0D3-4A992788D239}.Debug|Any CPU.Build.0 = Debug|Any CPU
		{C6A9E4B2-4A88-402D-B0D3-4A992788D239}.Release|Any CPU.ActiveCfg = Release|Any CPU
		{C6A9E4B2-4A88-402D-B0D3-4A992788D239}.Release|Any CPU.Build.0 = Release|Any CPU
	EndGlobalSection
	GlobalSection(SolutionProperties) = preSolution
		HideSolutionNode = FALSE
	EndGlobalSection
	GlobalSection(ExtensibilityGlobals) = postSolution
		SolutionGuid = {B3222B3D-6DAC-42DE-A273-A84122E4B60B}
	EndGlobalSection
EndGlobal
